
Microsoft Visual Studio Solution File, Format Version 12.00
# Visual Studio Version 16
VisualStudioVersion = 16.0.28803.916
MinimumVisualStudioVersion = 10.0.40219.1
Project("{FAE04EC0-301F-11D3-BF4B-00C04F79EFBC}") = "prj_aula01", "prj_aula01.csproj", "{F449D43C-2662-4DA9-BF8A-ECE12501981B}"
EndProject
Global
	GlobalSection(SolutionConfigurationPlatforms) = preSolution
		Debug|Any CPU = Debug|Any CPU
		Release|Any CPU = Release|Any CPU
	EndGlobalSection
	GlobalSection(ProjectConfigurationPlatforms) = postSolution
		{F449D43C-2662-4DA9-BF8A-ECE12501981B}.Debug|Any CPU.ActiveCfg = Debug|Any CPU
		{F449D43C-2662-4DA9-BF8A-ECE12501981B}.Debug|Any CPU.Build.0 = Debug|Any CPU
		{F449D43C-2662-4DA9-BF8A-ECE12501981B}.Release|Any CPU.ActiveCfg = Release|Any CPU
		{F449D43C-2662-4DA9-BF8A-ECE12501981B}.Release|Any CPU.Build.0 = Release|Any CPU
	EndGlobalSection
	GlobalSection(SolutionProperties) = preSolution
		HideSolutionNode = FALSE
	EndGlobalSection
	GlobalSection(ExtensibilityGlobals) = postSolution
		SolutionGuid = {E5669725-6D17-4F75-BEE3-9FE696875764}
	EndGlobalSection
EndGlobal
